// !$*UTF8*$!
{
	archiveVersion = 1;
	classes = {
	};
	objectVersion = 56;
	objects = {

/* Begin PBXBuildFile section */
		050BCACD7E3D9C7701E5F567 /* Pods_MVVM_C.framework in Frameworks */ = {isa = PBXBuildFile; fileRef = D8428F65DF5DDF1EA202F178 /* Pods_MVVM_C.framework */; };
		9815D032293A01B700B482D7 /* AppDelegate.swift in Sources */ = {isa = PBXBuildFile; fileRef = 9815D031293A01B700B482D7 /* AppDelegate.swift */; };
		9815D034293A01B700B482D7 /* SceneDelegate.swift in Sources */ = {isa = PBXBuildFile; fileRef = 9815D033293A01B700B482D7 /* SceneDelegate.swift */; };
		9815D036293A01B700B482D7 /* LoginViewController.swift in Sources */ = {isa = PBXBuildFile; fileRef = 9815D035293A01B700B482D7 /* LoginViewController.swift */; };
		9815D03B293A01BB00B482D7 /* Assets.xcassets in Resources */ = {isa = PBXBuildFile; fileRef = 9815D03A293A01BB00B482D7 /* Assets.xcassets */; };
		9815D03E293A01BB00B482D7 /* LaunchScreen.storyboard in Resources */ = {isa = PBXBuildFile; fileRef = 9815D03C293A01BB00B482D7 /* LaunchScreen.storyboard */; };
		9815D049293A09E500B482D7 /* User.swift in Sources */ = {isa = PBXBuildFile; fileRef = 9815D048293A09E500B482D7 /* User.swift */; };
		9815D04B293A19B100B482D7 /* LoginViewModel.swift in Sources */ = {isa = PBXBuildFile; fileRef = 9815D04A293A19B100B482D7 /* LoginViewModel.swift */; };
		9815D04E293A1CCF00B482D7 /* Dynamic.swift in Sources */ = {isa = PBXBuildFile; fileRef = 9815D04D293A1CCF00B482D7 /* Dynamic.swift */; };
		9815D050293A1EFF00B482D7 /* LoginViewInstaller.swift in Sources */ = {isa = PBXBuildFile; fileRef = 9815D04F293A1EFF00B482D7 /* LoginViewInstaller.swift */; };
		9815D053293A1F3700B482D7 /* ViewInstaller.swift in Sources */ = {isa = PBXBuildFile; fileRef = 9815D052293A1F3700B482D7 /* ViewInstaller.swift */; };
		984D9355293B70FE00C8B702 /* UIView.swift in Sources */ = {isa = PBXBuildFile; fileRef = 984D9354293B70FE00C8B702 /* UIView.swift */; };
		9867BF00293C7208009F56EB /* UILabel.swift in Sources */ = {isa = PBXBuildFile; fileRef = 9867BEFF293C7208009F56EB /* UILabel.swift */; };
		98A43C76293D04B6003EAFB3 /* UITextField.swift in Sources */ = {isa = PBXBuildFile; fileRef = 98A43C75293D04B6003EAFB3 /* UITextField.swift */; };
		98A43C78293D06BA003EAFB3 /* UIStackView.swift in Sources */ = {isa = PBXBuildFile; fileRef = 98A43C77293D06BA003EAFB3 /* UIStackView.swift */; };
		98A43C7A293D0950003EAFB3 /* UIButton.swift in Sources */ = {isa = PBXBuildFile; fileRef = 98A43C79293D0950003EAFB3 /* UIButton.swift */; };
/* End PBXBuildFile section */

/* Begin PBXFileReference section */
		1815887216BD370E9A4987F8 /* Pods-MVVM-C.debug.xcconfig */ = {isa = PBXFileReference; includeInIndex = 1; lastKnownFileType = text.xcconfig; name = "Pods-MVVM-C.debug.xcconfig"; path = "Target Support Files/Pods-MVVM-C/Pods-MVVM-C.debug.xcconfig"; sourceTree = "<group>"; };
		9815D02E293A01B700B482D7 /* MVVM-C.app */ = {isa = PBXFileReference; explicitFileType = wrapper.application; includeInIndex = 0; path = "MVVM-C.app"; sourceTree = BUILT_PRODUCTS_DIR; };
		9815D031293A01B700B482D7 /* AppDelegate.swift */ = {isa = PBXFileReference; lastKnownFileType = sourcecode.swift; path = AppDelegate.swift; sourceTree = "<group>"; };
		9815D033293A01B700B482D7 /* SceneDelegate.swift */ = {isa = PBXFileReference; lastKnownFileType = sourcecode.swift; path = SceneDelegate.swift; sourceTree = "<group>"; };
		9815D035293A01B700B482D7 /* LoginViewController.swift */ = {isa = PBXFileReference; lastKnownFileType = sourcecode.swift; path = LoginViewController.swift; sourceTree = "<group>"; };
		9815D03A293A01BB00B482D7 /* Assets.xcassets */ = {isa = PBXFileReference; lastKnownFileType = folder.assetcatalog; path = Assets.xcassets; sourceTree = "<group>"; };
		9815D03D293A01BB00B482D7 /* Base */ = {isa = PBXFileReference; lastKnownFileType = file.storyboard; name = Base; path = Base.lproj/LaunchScreen.storyboard; sourceTree = "<group>"; };
		9815D03F293A01BB00B482D7 /* Info.plist */ = {isa = PBXFileReference; lastKnownFileType = text.plist.xml; path = Info.plist; sourceTree = "<group>"; };
		9815D048293A09E500B482D7 /* User.swift */ = {isa = PBXFileReference; lastKnownFileType = sourcecode.swift; path = User.swift; sourceTree = "<group>"; };
		9815D04A293A19B100B482D7 /* LoginViewModel.swift */ = {isa = PBXFileReference; lastKnownFileType = sourcecode.swift; path = LoginViewModel.swift; sourceTree = "<group>"; };
		9815D04D293A1CCF00B482D7 /* Dynamic.swift */ = {isa = PBXFileReference; lastKnownFileType = sourcecode.swift; path = Dynamic.swift; sourceTree = "<group>"; };
		9815D04F293A1EFF00B482D7 /* LoginViewInstaller.swift */ = {isa = PBXFileReference; lastKnownFileType = sourcecode.swift; path = LoginViewInstaller.swift; sourceTree = "<group>"; };
		9815D052293A1F3700B482D7 /* ViewInstaller.swift */ = {isa = PBXFileReference; lastKnownFileType = sourcecode.swift; path = ViewInstaller.swift; sourceTree = "<group>"; };
		984D9354293B70FE00C8B702 /* UIView.swift */ = {isa = PBXFileReference; lastKnownFileType = sourcecode.swift; path = UIView.swift; sourceTree = "<group>"; };
		9867BEFF293C7208009F56EB /* UILabel.swift */ = {isa = PBXFileReference; lastKnownFileType = sourcecode.swift; path = UILabel.swift; sourceTree = "<group>"; };
		98A43C75293D04B6003EAFB3 /* UITextField.swift */ = {isa = PBXFileReference; lastKnownFileType = sourcecode.swift; path = UITextField.swift; sourceTree = "<group>"; };
		98A43C77293D06BA003EAFB3 /* UIStackView.swift */ = {isa = PBXFileReference; lastKnownFileType = sourcecode.swift; path = UIStackView.swift; sourceTree = "<group>"; };
		98A43C79293D0950003EAFB3 /* UIButton.swift */ = {isa = PBXFileReference; lastKnownFileType = sourcecode.swift; path = UIButton.swift; sourceTree = "<group>"; };
		D8428F65DF5DDF1EA202F178 /* Pods_MVVM_C.framework */ = {isa = PBXFileReference; explicitFileType = wrapper.framework; includeInIndex = 0; path = Pods_MVVM_C.framework; sourceTree = BUILT_PRODUCTS_DIR; };
		DA3004B331F4987707F9C868 /* Pods-MVVM-C.release.xcconfig */ = {isa = PBXFileReference; includeInIndex = 1; lastKnownFileType = text.xcconfig; name = "Pods-MVVM-C.release.xcconfig"; path = "Target Support Files/Pods-MVVM-C/Pods-MVVM-C.release.xcconfig"; sourceTree = "<group>"; };
/* End PBXFileReference section */

/* Begin PBXFrameworksBuildPhase section */
		9815D02B293A01B700B482D7 /* Frameworks */ = {
			isa = PBXFrameworksBuildPhase;
			buildActionMask = 2147483647;
			files = (
				050BCACD7E3D9C7701E5F567 /* Pods_MVVM_C.framework in Frameworks */,
			);
			runOnlyForDeploymentPostprocessing = 0;
		};
/* End PBXFrameworksBuildPhase section */

/* Begin PBXGroup section */
		9815D025293A01B700B482D7 = {
			isa = PBXGroup;
			children = (
				9815D030293A01B700B482D7 /* MVVM-C */,
				9815D02F293A01B700B482D7 /* Products */,
				AB92E5CE831BA71FC02CB50E /* Pods */,
				AA2BA2CD5A3D01C344CB958E /* Frameworks */,
			);
			sourceTree = "<group>";
		};
		9815D02F293A01B700B482D7 /* Products */ = {
			isa = PBXGroup;
			children = (
				9815D02E293A01B700B482D7 /* MVVM-C.app */,
			);
			name = Products;
			sourceTree = "<group>";
		};
		9815D030293A01B700B482D7 /* MVVM-C */ = {
			isa = PBXGroup;
			children = (
				9815D051293A1F1A00B482D7 /* ViewComponents */,
				9815D04C293A1CBB00B482D7 /* Bindings */,
				9815D046293A095A00B482D7 /* Views */,
				9815D045293A094E00B482D7 /* Models */,
				984D9353293B70E700C8B702 /* Extensions */,
				9815D031293A01B700B482D7 /* AppDelegate.swift */,
				9815D033293A01B700B482D7 /* SceneDelegate.swift */,
				9815D03A293A01BB00B482D7 /* Assets.xcassets */,
				9815D03C293A01BB00B482D7 /* LaunchScreen.storyboard */,
				9815D03F293A01BB00B482D7 /* Info.plist */,
			);
			path = "MVVM-C";
			sourceTree = "<group>";
		};
		9815D045293A094E00B482D7 /* Models */ = {
			isa = PBXGroup;
			children = (
				9815D048293A09E500B482D7 /* User.swift */,
			);
			path = Models;
			sourceTree = "<group>";
		};
		9815D046293A095A00B482D7 /* Views */ = {
			isa = PBXGroup;
			children = (
				98592987293C964C0095A504 /* LoginView */,
			);
			path = Views;
			sourceTree = "<group>";
		};
		9815D04C293A1CBB00B482D7 /* Bindings */ = {
			isa = PBXGroup;
			children = (
				9815D04D293A1CCF00B482D7 /* Dynamic.swift */,
			);
			path = Bindings;
			sourceTree = "<group>";
		};
		9815D051293A1F1A00B482D7 /* ViewComponents */ = {
			isa = PBXGroup;
			children = (
				9815D052293A1F3700B482D7 /* ViewInstaller.swift */,
			);
			path = ViewComponents;
			sourceTree = "<group>";
		};
		984D9353293B70E700C8B702 /* Extensions */ = {
			isa = PBXGroup;
			children = (
				984D9354293B70FE00C8B702 /* UIView.swift */,
				9867BEFF293C7208009F56EB /* UILabel.swift */,
				98A43C75293D04B6003EAFB3 /* UITextField.swift */,
				98A43C77293D06BA003EAFB3 /* UIStackView.swift */,
				98A43C79293D0950003EAFB3 /* UIButton.swift */,
			);
			path = Extensions;
			sourceTree = "<group>";
		};
		98592987293C964C0095A504 /* LoginView */ = {
			isa = PBXGroup;
			children = (
				9815D035293A01B700B482D7 /* LoginViewController.swift */,
				9815D04F293A1EFF00B482D7 /* LoginViewInstaller.swift */,
				9815D04A293A19B100B482D7 /* LoginViewModel.swift */,
			);
			path = LoginView;
			sourceTree = "<group>";
		};
		AA2BA2CD5A3D01C344CB958E /* Frameworks */ = {
			isa = PBXGroup;
			children = (
				D8428F65DF5DDF1EA202F178 /* Pods_MVVM_C.framework */,
			);
			name = Frameworks;
			sourceTree = "<group>";
		};
		AB92E5CE831BA71FC02CB50E /* Pods */ = {
			isa = PBXGroup;
			children = (
				1815887216BD370E9A4987F8 /* Pods-MVVM-C.debug.xcconfig */,
				DA3004B331F4987707F9C868 /* Pods-MVVM-C.release.xcconfig */,
			);
			path = Pods;
			sourceTree = "<group>";
		};
/* End PBXGroup section */

/* Begin PBXNativeTarget section */
		9815D02D293A01B700B482D7 /* MVVM-C */ = {
			isa = PBXNativeTarget;
			buildConfigurationList = 9815D042293A01BB00B482D7 /* Build configuration list for PBXNativeTarget "MVVM-C" */;
			buildPhases = (
				C2D1AECE27D8C40519E81ABE /* [CP] Check Pods Manifest.lock */,
				9815D02A293A01B700B482D7 /* Sources */,
				9815D02B293A01B700B482D7 /* Frameworks */,
				9815D02C293A01B700B482D7 /* Resources */,
				51C5AE584C561BB4ECE51AD7 /* [CP] Embed Pods Frameworks */,
			);
			buildRules = (
			);
			dependencies = (
			);
			name = "MVVM-C";
			productName = "MVVM-C";
			productReference = 9815D02E293A01B700B482D7 /* MVVM-C.app */;
			productType = "com.apple.product-type.application";
		};
/* End PBXNativeTarget section */

/* Begin PBXProject section */
		9815D026293A01B700B482D7 /* Project object */ = {
			isa = PBXProject;
			attributes = {
				BuildIndependentTargetsInParallel = 1;
				LastSwiftUpdateCheck = 1400;
				LastUpgradeCheck = 1400;
				TargetAttributes = {
					9815D02D293A01B700B482D7 = {
						CreatedOnToolsVersion = 14.0;
					};
				};
			};
			buildConfigurationList = 9815D029293A01B700B482D7 /* Build configuration list for PBXProject "MVVM-C" */;
			compatibilityVersion = "Xcode 14.0";
			developmentRegion = en;
			hasScannedForEncodings = 0;
			knownRegions = (
				en,
				Base,
			);
			mainGroup = 9815D025293A01B700B482D7;
			productRefGroup = 9815D02F293A01B700B482D7 /* Products */;
			projectDirPath = "";
			projectRoot = "";
			targets = (
				9815D02D293A01B700B482D7 /* MVVM-C */,
			);
		};
/* End PBXProject section */

/* Begin PBXResourcesBuildPhase section */
		9815D02C293A01B700B482D7 /* Resources */ = {
			isa = PBXResourcesBuildPhase;
			buildActionMask = 2147483647;
			files = (
				9815D03E293A01BB00B482D7 /* LaunchScreen.storyboard in Resources */,
				9815D03B293A01BB00B482D7 /* Assets.xcassets in Resources */,
			);
			runOnlyForDeploymentPostprocessing = 0;
		};
/* End PBXResourcesBuildPhase section */

/* Begin PBXShellScriptBuildPhase section */
		51C5AE584C561BB4ECE51AD7 /* [CP] Embed Pods Frameworks */ = {
			isa = PBXShellScriptBuildPhase;
			buildActionMask = 2147483647;
			files = (
			);
			inputFileListPaths = (
				"${PODS_ROOT}/Target Support Files/Pods-MVVM-C/Pods-MVVM-C-frameworks-${CONFIGURATION}-input-files.xcfilelist",
			);
			name = "[CP] Embed Pods Frameworks";
			outputFileListPaths = (
				"${PODS_ROOT}/Target Support Files/Pods-MVVM-C/Pods-MVVM-C-frameworks-${CONFIGURATION}-output-files.xcfilelist",
			);
			runOnlyForDeploymentPostprocessing = 0;
			shellPath = /bin/sh;
			shellScript = "\"${PODS_ROOT}/Target Support Files/Pods-MVVM-C/Pods-MVVM-C-frameworks.sh\"\n";
			showEnvVarsInLog = 0;
		};
		C2D1AECE27D8C40519E81ABE /* [CP] Check Pods Manifest.lock */ = {
			isa = PBXShellScriptBuildPhase;
			buildActionMask = 2147483647;
			files = (
			);
			inputFileListPaths = (
			);
			inputPaths = (
				"${PODS_PODFILE_DIR_PATH}/Podfile.lock",
				"${PODS_ROOT}/Manifest.lock",
			);
			name = "[CP] Check Pods Manifest.lock";
			outputFileListPaths = (
			);
			outputPaths = (
				"$(DERIVED_FILE_DIR)/Pods-MVVM-C-checkManifestLockResult.txt",
			);
			runOnlyForDeploymentPostprocessing = 0;
			shellPath = /bin/sh;
			shellScript = "diff \"${PODS_PODFILE_DIR_PATH}/Podfile.lock\" \"${PODS_ROOT}/Manifest.lock\" > /dev/null\nif [ $? != 0 ] ; then\n    # print error to STDERR\n    echo \"error: The sandbox is not in sync with the Podfile.lock. Run 'pod install' or update your CocoaPods installation.\" >&2\n    exit 1\nfi\n# This output is used by Xcode 'outputs' to avoid re-running this script phase.\necho \"SUCCESS\" > \"${SCRIPT_OUTPUT_FILE_0}\"\n";
			showEnvVarsInLog = 0;
		};
/* End PBXShellScriptBuildPhase section */

/* Begin PBXSourcesBuildPhase section */
		9815D02A293A01B700B482D7 /* Sources */ = {
			isa = PBXSourcesBuildPhase;
			buildActionMask = 2147483647;
			files = (
				9867BF00293C7208009F56EB /* UILabel.swift in Sources */,
				98A43C7A293D0950003EAFB3 /* UIButton.swift in Sources */,
				9815D04B293A19B100B482D7 /* LoginViewModel.swift in Sources */,
				9815D049293A09E500B482D7 /* User.swift in Sources */,
				98A43C76293D04B6003EAFB3 /* UITextField.swift in Sources */,
				9815D050293A1EFF00B482D7 /* LoginViewInstaller.swift in Sources */,
				9815D036293A01B700B482D7 /* LoginViewController.swift in Sources */,
				9815D04E293A1CCF00B482D7 /* Dynamic.swift in Sources */,
				98A43C78293D06BA003EAFB3 /* UIStackView.swift in Sources */,
				9815D032293A01B700B482D7 /* AppDelegate.swift in Sources */,
				9815D034293A01B700B482D7 /* SceneDelegate.swift in Sources */,
				984D9355293B70FE00C8B702 /* UIView.swift in Sources */,
				9815D053293A1F3700B482D7 /* ViewInstaller.swift in Sources */,
			);
			runOnlyForDeploymentPostprocessing = 0;
		};
/* End PBXSourcesBuildPhase section */

/* Begin PBXVariantGroup section */
		9815D03C293A01BB00B482D7 /* LaunchScreen.storyboard */ = {
			isa = PBXVariantGroup;
			children = (
				9815D03D293A01BB00B482D7 /* Base */,
			);
			name = LaunchScreen.storyboard;
			sourceTree = "<group>";
		};
/* End PBXVariantGroup section */

/* Begin XCBuildConfiguration section */
		9815D040293A01BB00B482D7 /* Debug */ = {
			isa = XCBuildConfiguration;
			buildSettings = {
				ALWAYS_SEARCH_USER_PATHS = NO;
				CLANG_ANALYZER_NONNULL = YES;
				CLANG_ANALYZER_NUMBER_OBJECT_CONVERSION = YES_AGGRESSIVE;
				CLANG_CXX_LANGUAGE_STANDARD = "gnu++20";
				CLANG_ENABLE_MODULES = YES;
				CLANG_ENABLE_OBJC_ARC = YES;
				CLANG_ENABLE_OBJC_WEAK = YES;
				CLANG_WARN_BLOCK_CAPTURE_AUTORELEASING = YES;
				CLANG_WARN_BOOL_CONVERSION = YES;
				CLANG_WARN_COMMA = YES;
				CLANG_WARN_CONSTANT_CONVERSION = YES;
				CLANG_WARN_DEPRECATED_OBJC_IMPLEMENTATIONS = YES;
				CLANG_WARN_DIRECT_OBJC_ISA_USAGE = YES_ERROR;
				CLANG_WARN_DOCUMENTATION_COMMENTS = YES;
				CLANG_WARN_EMPTY_BODY = YES;
				CLANG_WARN_ENUM_CONVERSION = YES;
				CLANG_WARN_INFINITE_RECURSION = YES;
				CLANG_WARN_INT_CONVERSION = YES;
				CLANG_WARN_NON_LITERAL_NULL_CONVERSION = YES;
				CLANG_WARN_OBJC_IMPLICIT_RETAIN_SELF = YES;
				CLANG_WARN_OBJC_LITERAL_CONVERSION = YES;
				CLANG_WARN_OBJC_ROOT_CLASS = YES_ERROR;
				CLANG_WARN_QUOTED_INCLUDE_IN_FRAMEWORK_HEADER = YES;
				CLANG_WARN_RANGE_LOOP_ANALYSIS = YES;
				CLANG_WARN_STRICT_PROTOTYPES = YES;
				CLANG_WARN_SUSPICIOUS_MOVE = YES;
				CLANG_WARN_UNGUARDED_AVAILABILITY = YES_AGGRESSIVE;
				CLANG_WARN_UNREACHABLE_CODE = YES;
				CLANG_WARN__DUPLICATE_METHOD_MATCH = YES;
				COPY_PHASE_STRIP = NO;
				DEBUG_INFORMATION_FORMAT = dwarf;
				ENABLE_STRICT_OBJC_MSGSEND = YES;
				ENABLE_TESTABILITY = YES;
				GCC_C_LANGUAGE_STANDARD = gnu11;
				GCC_DYNAMIC_NO_PIC = NO;
				GCC_NO_COMMON_BLOCKS = YES;
				GCC_OPTIMIZATION_LEVEL = 0;
				GCC_PREPROCESSOR_DEFINITIONS = (
					"DEBUG=1",
					"$(inherited)",
				);
				GCC_WARN_64_TO_32_BIT_CONVERSION = YES;
				GCC_WARN_ABOUT_RETURN_TYPE = YES_ERROR;
				GCC_WARN_UNDECLARED_SELECTOR = YES;
				GCC_WARN_UNINITIALIZED_AUTOS = YES_AGGRESSIVE;
				GCC_WARN_UNUSED_FUNCTION = YES;
				GCC_WARN_UNUSED_VARIABLE = YES;
				IPHONEOS_DEPLOYMENT_TARGET = 16.0;
				MTL_ENABLE_DEBUG_INFO = INCLUDE_SOURCE;
				MTL_FAST_MATH = YES;
				ONLY_ACTIVE_ARCH = YES;
				SDKROOT = iphoneos;
				SWIFT_ACTIVE_COMPILATION_CONDITIONS = DEBUG;
				SWIFT_OPTIMIZATION_LEVEL = "-Onone";
			};
			name = Debug;
		};
		9815D041293A01BB00B482D7 /* Release */ = {
			isa = XCBuildConfiguration;
			buildSettings = {
				ALWAYS_SEARCH_USER_PATHS = NO;
				CLANG_ANALYZER_NONNULL = YES;
				CLANG_ANALYZER_NUMBER_OBJECT_CONVERSION = YES_AGGRESSIVE;
				CLANG_CXX_LANGUAGE_STANDARD = "gnu++20";
				CLANG_ENABLE_MODULES = YES;
				CLANG_ENABLE_OBJC_ARC = YES;
				CLANG_ENABLE_OBJC_WEAK = YES;
				CLANG_WARN_BLOCK_CAPTURE_AUTORELEASING = YES;
				CLANG_WARN_BOOL_CONVERSION = YES;
				CLANG_WARN_COMMA = YES;
				CLANG_WARN_CONSTANT_CONVERSION = YES;
				CLANG_WARN_DEPRECATED_OBJC_IMPLEMENTATIONS = YES;
				CLANG_WARN_DIRECT_OBJC_ISA_USAGE = YES_ERROR;
				CLANG_WARN_DOCUMENTATION_COMMENTS = YES;
				CLANG_WARN_EMPTY_BODY = YES;
				CLANG_WARN_ENUM_CONVERSION = YES;
				CLANG_WARN_INFINITE_RECURSION = YES;
				CLANG_WARN_INT_CONVERSION = YES;
				CLANG_WARN_NON_LITERAL_NULL_CONVERSION = YES;
				CLANG_WARN_OBJC_IMPLICIT_RETAIN_SELF = YES;
				CLANG_WARN_OBJC_LITERAL_CONVERSION = YES;
				CLANG_WARN_OBJC_ROOT_CLASS = YES_ERROR;
				CLANG_WARN_QUOTED_INCLUDE_IN_FRAMEWORK_HEADER = YES;
				CLANG_WARN_RANGE_LOOP_ANALYSIS = YES;
				CLANG_WARN_STRICT_PROTOTYPES = YES;
				CLANG_WARN_SUSPICIOUS_MOVE = YES;
				CLANG_WARN_UNGUARDED_AVAILABILITY = YES_AGGRESSIVE;
				CLANG_WARN_UNREACHABLE_CODE = YES;
				CLANG_WARN__DUPLICATE_METHOD_MATCH = YES;
				COPY_PHASE_STRIP = NO;
				DEBUG_INFORMATION_FORMAT = "dwarf-with-dsym";
				ENABLE_NS_ASSERTIONS = NO;
				ENABLE_STRICT_OBJC_MSGSEND = YES;
				GCC_C_LANGUAGE_STANDARD = gnu11;
				GCC_NO_COMMON_BLOCKS = YES;
				GCC_WARN_64_TO_32_BIT_CONVERSION = YES;
				GCC_WARN_ABOUT_RETURN_TYPE = YES_ERROR;
				GCC_WARN_UNDECLARED_SELECTOR = YES;
				GCC_WARN_UNINITIALIZED_AUTOS = YES_AGGRESSIVE;
				GCC_WARN_UNUSED_FUNCTION = YES;
				GCC_WARN_UNUSED_VARIABLE = YES;
				IPHONEOS_DEPLOYMENT_TARGET = 16.0;
				MTL_ENABLE_DEBUG_INFO = NO;
				MTL_FAST_MATH = YES;
				SDKROOT = iphoneos;
				SWIFT_COMPILATION_MODE = wholemodule;
				SWIFT_OPTIMIZATION_LEVEL = "-O";
				VALIDATE_PRODUCT = YES;
			};
			name = Release;
		};
		9815D043293A01BB00B482D7 /* Debug */ = {
			isa = XCBuildConfiguration;
			baseConfigurationReference = 1815887216BD370E9A4987F8 /* Pods-MVVM-C.debug.xcconfig */;
			buildSettings = {
				ASSETCATALOG_COMPILER_APPICON_NAME = AppIcon;
				ASSETCATALOG_COMPILER_GLOBAL_ACCENT_COLOR_NAME = AccentColor;
				CODE_SIGN_STYLE = Automatic;
				CURRENT_PROJECT_VERSION = 1;
				DEVELOPMENT_TEAM = 6T9YFLYQ5U;
				GENERATE_INFOPLIST_FILE = YES;
				INFOPLIST_FILE = "MVVM-C/Info.plist";
				INFOPLIST_KEY_UIApplicationSupportsIndirectInputEvents = YES;
				INFOPLIST_KEY_UILaunchStoryboardName = LaunchScreen;
				INFOPLIST_KEY_UISupportedInterfaceOrientations_iPad = "UIInterfaceOrientationPortrait UIInterfaceOrientationPortraitUpsideDown UIInterfaceOrientationLandscapeLeft UIInterfaceOrientationLandscapeRight";
				INFOPLIST_KEY_UISupportedInterfaceOrientations_iPhone = "UIInterfaceOrientationPortrait UIInterfaceOrientationLandscapeLeft UIInterfaceOrientationLandscapeRight";
				LD_RUNPATH_SEARCH_PATHS = (
					"$(inherited)",
					"@executable_path/Frameworks",
				);
				MARKETING_VERSION = 1.0;
				PRODUCT_BUNDLE_IDENTIFIER = "Legenda759.MVVM-C";
				PRODUCT_NAME = "$(TARGET_NAME)";
				SWIFT_EMIT_LOC_STRINGS = YES;
				SWIFT_VERSION = 5.0;
				TARGETED_DEVICE_FAMILY = "1,2";
			};
			name = Debug;
		};
		9815D044293A01BB00B482D7 /* Release */ = {
			isa = XCBuildConfiguration;
			baseConfigurationReference = DA3004B331F4987707F9C868 /* Pods-MVVM-C.release.xcconfig */;
			buildSettings = {
				ASSETCATALOG_COMPILER_APPICON_NAME = AppIcon;
				ASSETCATALOG_COMPILER_GLOBAL_ACCENT_COLOR_NAME = AccentColor;
				CODE_SIGN_STYLE = Automatic;
				CURRENT_PROJECT_VERSION = 1;
				DEVELOPMENT_TEAM = 6T9YFLYQ5U;
				GENERATE_INFOPLIST_FILE = YES;
				INFOPLIST_FILE = "MVVM-C/Info.plist";
				INFOPLIST_KEY_UIApplicationSupportsIndirectInputEvents = YES;
				INFOPLIST_KEY_UILaunchStoryboardName = LaunchScreen;
				INFOPLIST_KEY_UISupportedInterfaceOrientations_iPad = "UIInterfaceOrientationPortrait UIInterfaceOrientationPortraitUpsideDown UIInterfaceOrientationLandscapeLeft UIInterfaceOrientationLandscapeRight";
				INFOPLIST_KEY_UISupportedInterfaceOrientations_iPhone = "UIInterfaceOrientationPortrait UIInterfaceOrientationLandscapeLeft UIInterfaceOrientationLandscapeRight";
				LD_RUNPATH_SEARCH_PATHS = (
					"$(inherited)",
					"@executable_path/Frameworks",
				);
				MARKETING_VERSION = 1.0;
				PRODUCT_BUNDLE_IDENTIFIER = "Legenda759.MVVM-C";
				PRODUCT_NAME = "$(TARGET_NAME)";
				SWIFT_EMIT_LOC_STRINGS = YES;
				SWIFT_VERSION = 5.0;
				TARGETED_DEVICE_FAMILY = "1,2";
			};
			name = Release;
		};
/* End XCBuildConfiguration section */

/* Begin XCConfigurationList section */
		9815D029293A01B700B482D7 /* Build configuration list for PBXProject "MVVM-C" */ = {
			isa = XCConfigurationList;
			buildConfigurations = (
				9815D040293A01BB00B482D7 /* Debug */,
				9815D041293A01BB00B482D7 /* Release */,
			);
			defaultConfigurationIsVisible = 0;
			defaultConfigurationName = Release;
		};
		9815D042293A01BB00B482D7 /* Build configuration list for PBXNativeTarget "MVVM-C" */ = {
			isa = XCConfigurationList;
			buildConfigurations = (
				9815D043293A01BB00B482D7 /* Debug */,
				9815D044293A01BB00B482D7 /* Release */,
			);
			defaultConfigurationIsVisible = 0;
			defaultConfigurationName = Release;
		};
/* End XCConfigurationList section */
	};
	rootObject = 9815D026293A01B700B482D7 /* Project object */;
}
